
Microsoft Visual Studio Solution File, Format Version 12.00
# Visual Studio Version 16
VisualStudioVersion = 16.6.30114.105
MinimumVisualStudioVersion = 10.0.40219.1
Project("{FAE04EC0-301F-11D3-BF4B-00C04F79EFBC}") = "API", "API\API.csproj", "{69623609-5BA3-4098-BA82-00202D95EE4E}"
EndProject
Project("{FAE04EC0-301F-11D3-BF4B-00C04F79EFBC}") = "Application", "Application\Application.csproj", "{7FBFEB4A-DE8C-4A38-ABF1-6FFE8A0280D5}"
EndProject
Project("{FAE04EC0-301F-11D3-BF4B-00C04F79EFBC}") = "Domain", "Domain\Domain.csproj", "{5F380A2E-813C-462B-B369-FCDE45C5990B}"
EndProject
Project("{FAE04EC0-301F-11D3-BF4B-00C04F79EFBC}") = "Persistence", "Persistence\Persistence.csproj", "{FF3FC6B8-65C1-41EC-887E-C7D477116997}"
EndProject
Global
	GlobalSection(SolutionConfigurationPlatforms) = preSolution
		Debug|Any CPU = Debug|Any CPU
		Debug|x64 = Debug|x64
		Debug|x86 = Debug|x86
		Release|Any CPU = Release|Any CPU
		Release|x64 = Release|x64
		Release|x86 = Release|x86
	EndGlobalSection
	GlobalSection(SolutionProperties) = preSolution
		HideSolutionNode = FALSE
	EndGlobalSection
	GlobalSection(ProjectConfigurationPlatforms) = postSolution
		{69623609-5BA3-4098-BA82-00202D95EE4E}.Debug|Any CPU.ActiveCfg = Debug|Any CPU
		{69623609-5BA3-4098-BA82-00202D95EE4E}.Debug|Any CPU.Build.0 = Debug|Any CPU
		{69623609-5BA3-4098-BA82-00202D95EE4E}.Debug|x64.ActiveCfg = Debug|Any CPU
		{69623609-5BA3-4098-BA82-00202D95EE4E}.Debug|x64.Build.0 = Debug|Any CPU
		{69623609-5BA3-4098-BA82-00202D95EE4E}.Debug|x86.ActiveCfg = Debug|Any CPU
		{69623609-5BA3-4098-BA82-00202D95EE4E}.Debug|x86.Build.0 = Debug|Any CPU
		{69623609-5BA3-4098-BA82-00202D95EE4E}.Release|Any CPU.ActiveCfg = Release|Any CPU
		{69623609-5BA3-4098-BA82-00202D95EE4E}.Release|Any CPU.Build.0 = Release|Any CPU
		{69623609-5BA3-4098-BA82-00202D95EE4E}.Release|x64.ActiveCfg = Release|Any CPU
		{69623609-5BA3-4098-BA82-00202D95EE4E}.Release|x64.Build.0 = Release|Any CPU
		{69623609-5BA3-4098-BA82-00202D95EE4E}.Release|x86.ActiveCfg = Release|Any CPU
		{69623609-5BA3-4098-BA82-00202D95EE4E}.Release|x86.Build.0 = Release|Any CPU
		{7FBFEB4A-DE8C-4A38-ABF1-6FFE8A0280D5}.Debug|Any CPU.ActiveCfg = Debug|Any CPU
		{7FBFEB4A-DE8C-4A38-ABF1-6FFE8A0280D5}.Debug|Any CPU.Build.0 = Debug|Any CPU
		{7FBFEB4A-DE8C-4A38-ABF1-6FFE8A0280D5}.Debug|x64.ActiveCfg = Debug|Any CPU
		{7FBFEB4A-DE8C-4A38-ABF1-6FFE8A0280D5}.Debug|x64.Build.0 = Debug|Any CPU
		{7FBFEB4A-DE8C-4A38-ABF1-6FFE8A0280D5}.Debug|x86.ActiveCfg = Debug|Any CPU
		{7FBFEB4A-DE8C-4A38-ABF1-6FFE8A0280D5}.Debug|x86.Build.0 = Debug|Any CPU
		{7FBFEB4A-DE8C-4A38-ABF1-6FFE8A0280D5}.Release|Any CPU.ActiveCfg = Release|Any CPU
		{7FBFEB4A-DE8C-4A38-ABF1-6FFE8A0280D5}.Release|Any CPU.Build.0 = Release|Any CPU
		{7FBFEB4A-DE8C-4A38-ABF1-6FFE8A0280D5}.Release|x64.ActiveCfg = Release|Any CPU
		{7FBFEB4A-DE8C-4A38-ABF1-6FFE8A0280D5}.Release|x64.Build.0 = Release|Any CPU
		{7FBFEB4A-DE8C-4A38-ABF1-6FFE8A0280D5}.Release|x86.ActiveCfg = Release|Any CPU
		{7FBFEB4A-DE8C-4A38-ABF1-6FFE8A0280D5}.Release|x86.Build.0 = Release|Any CPU
		{5F380A2E-813C-462B-B369-FCDE45C5990B}.Debug|Any CPU.ActiveCfg = Debug|Any CPU
		{5F380A2E-813C-462B-B369-FCDE45C5990B}.Debug|Any CPU.Build.0 = Debug|Any CPU
		{5F380A2E-813C-462B-B369-FCDE45C5990B}.Debug|x64.ActiveCfg = Debug|Any CPU
		{5F380A2E-813C-462B-B369-FCDE45C5990B}.Debug|x64.Build.0 = Debug|Any CPU
		{5F380A2E-813C-462B-B369-FCDE45C5990B}.Debug|x86.ActiveCfg = Debug|Any CPU
		{5F380A2E-813C-462B-B369-FCDE45C5990B}.Debug|x86.Build.0 = Debug|Any CPU
		{5F380A2E-813C-462B-B369-FCDE45C5990B}.Release|Any CPU.ActiveCfg = Release|Any CPU
		{5F380A2E-813C-462B-B369-FCDE45C5990B}.Release|Any CPU.Build.0 = Release|Any CPU
		{5F380A2E-813C-462B-B369-FCDE45C5990B}.Release|x64.ActiveCfg = Release|Any CPU
		{5F380A2E-813C-462B-B369-FCDE45C5990B}.Release|x64.Build.0 = Release|Any CPU
		{5F380A2E-813C-462B-B369-FCDE45C5990B}.Release|x86.ActiveCfg = Release|Any CPU
		{5F380A2E-813C-462B-B369-FCDE45C5990B}.Release|x86.Build.0 = Release|Any CPU
		{FF3FC6B8-65C1-41EC-887E-C7D477116997}.Debug|Any CPU.ActiveCfg = Debug|Any CPU
		{FF3FC6B8-65C1-41EC-887E-C7D477116997}.Debug|Any CPU.Build.0 = Debug|Any CPU
		{FF3FC6B8-65C1-41EC-887E-C7D477116997}.Debug|x64.ActiveCfg = Debug|Any CPU
		{FF3FC6B8-65C1-41EC-887E-C7D477116997}.Debug|x64.Build.0 = Debug|Any CPU
		{FF3FC6B8-65C1-41EC-887E-C7D477116997}.Debug|x86.ActiveCfg = Debug|Any CPU
		{FF3FC6B8-65C1-41EC-887E-C7D477116997}.Debug|x86.Build.0 = Debug|Any CPU
		{FF3FC6B8-65C1-41EC-887E-C7D477116997}.Release|Any CPU.ActiveCfg = Release|Any CPU
		{FF3FC6B8-65C1-41EC-887E-C7D477116997}.Release|Any CPU.Build.0 = Release|Any CPU
		{FF3FC6B8-65C1-41EC-887E-C7D477116997}.Release|x64.ActiveCfg = Release|Any CPU
		{FF3FC6B8-65C1-41EC-887E-C7D477116997}.Release|x64.Build.0 = Release|Any CPU
		{FF3FC6B8-65C1-41EC-887E-C7D477116997}.Release|x86.ActiveCfg = Release|Any CPU
		{FF3FC6B8-65C1-41EC-887E-C7D477116997}.Release|x86.Build.0 = Release|Any CPU
	EndGlobalSection
EndGlobal
